
Microsoft Visual Studio Solution File, Format Version 12.00
# Visual Studio Version 17
VisualStudioVersion = 17.8.34511.84
MinimumVisualStudioVersion = 10.0.40219.1
Project("{9A19103F-16F7-4668-BE54-9A1E7A4F7556}") = "CoffeeMachineAPI", "CoffeeMachine\CoffeeMachineAPI.csproj", "{7532306A-FD3C-4DC0-8C4C-854DCB9538C3}"
EndProject
Project("{9A19103F-16F7-4668-BE54-9A1E7A4F7556}") = "CoffeeMachineAPI.Domain", "CoffeeMachineAPI.Domain\CoffeeMachineAPI.Domain.csproj", "{E10F2FF8-A2D4-4368-820C-811BB92CA76B}"
EndProject
Project("{9A19103F-16F7-4668-BE54-9A1E7A4F7556}") = "CoffeeMachineAPI.Application", "CoffeeMachine.Application\CoffeeMachineAPI.Application.csproj", "{BDDE2013-07C5-465B-A71A-DFCA20D475DC}"
EndProject
Project("{9A19103F-16F7-4668-BE54-9A1E7A4F7556}") = "CoffeeMachineAPI.Infrastructure", "CoffeeMachine.Infrastructure\CoffeeMachineAPI.Infrastructure.csproj", "{F8F991D6-2E44-41FD-8FDA-8FFDF308F472}"
EndProject
Project("{9A19103F-16F7-4668-BE54-9A1E7A4F7556}") = "CoffeeMachineAPI.Tests", "CoffeeMachine.Tests\CoffeeMachineAPI.Tests.csproj", "{670962BA-3E7F-4D02-8D52-6E425719748E}"
EndProject
Global
	GlobalSection(SolutionConfigurationPlatforms) = preSolution
		Debug|Any CPU = Debug|Any CPU
		Release|Any CPU = Release|Any CPU
	EndGlobalSection
	GlobalSection(ProjectConfigurationPlatforms) = postSolution
		{7532306A-FD3C-4DC0-8C4C-854DCB9538C3}.Debug|Any CPU.ActiveCfg = Debug|Any CPU
		{7532306A-FD3C-4DC0-8C4C-854DCB9538C3}.Debug|Any CPU.Build.0 = Debug|Any CPU
		{7532306A-FD3C-4DC0-8C4C-854DCB9538C3}.Release|Any CPU.ActiveCfg = Release|Any CPU
		{7532306A-FD3C-4DC0-8C4C-854DCB9538C3}.Release|Any CPU.Build.0 = Release|Any CPU
		{E10F2FF8-A2D4-4368-820C-811BB92CA76B}.Debug|Any CPU.ActiveCfg = Debug|Any CPU
		{E10F2FF8-A2D4-4368-820C-811BB92CA76B}.Debug|Any CPU.Build.0 = Debug|Any CPU
		{E10F2FF8-A2D4-4368-820C-811BB92CA76B}.Release|Any CPU.ActiveCfg = Release|Any CPU
		{E10F2FF8-A2D4-4368-820C-811BB92CA76B}.Release|Any CPU.Build.0 = Release|Any CPU
		{BDDE2013-07C5-465B-A71A-DFCA20D475DC}.Debug|Any CPU.ActiveCfg = Debug|Any CPU
		{BDDE2013-07C5-465B-A71A-DFCA20D475DC}.Debug|Any CPU.Build.0 = Debug|Any CPU
		{BDDE2013-07C5-465B-A71A-DFCA20D475DC}.Release|Any CPU.ActiveCfg = Release|Any CPU
		{BDDE2013-07C5-465B-A71A-DFCA20D475DC}.Release|Any CPU.Build.0 = Release|Any CPU
		{F8F991D6-2E44-41FD-8FDA-8FFDF308F472}.Debug|Any CPU.ActiveCfg = Debug|Any CPU
		{F8F991D6-2E44-41FD-8FDA-8FFDF308F472}.Debug|Any CPU.Build.0 = Debug|Any CPU
		{F8F991D6-2E44-41FD-8FDA-8FFDF308F472}.Release|Any CPU.ActiveCfg = Release|Any CPU
		{F8F991D6-2E44-41FD-8FDA-8FFDF308F472}.Release|Any CPU.Build.0 = Release|Any CPU
		{670962BA-3E7F-4D02-8D52-6E425719748E}.Debug|Any CPU.ActiveCfg = Debug|Any CPU
		{670962BA-3E7F-4D02-8D52-6E425719748E}.Debug|Any CPU.Build.0 = Debug|Any CPU
		{670962BA-3E7F-4D02-8D52-6E425719748E}.Release|Any CPU.ActiveCfg = Release|Any CPU
		{670962BA-3E7F-4D02-8D52-6E425719748E}.Release|Any CPU.Build.0 = Release|Any CPU
	EndGlobalSection
	GlobalSection(SolutionProperties) = preSolution
		HideSolutionNode = FALSE
	EndGlobalSection
	GlobalSection(ExtensibilityGlobals) = postSolution
		SolutionGuid = {A8F3C7E3-730A-428D-9FE2-39ABC23C7809}
	EndGlobalSection
EndGlobal
